// !$*UTF8*$!
{
	archiveVersion = 1;
	classes = {
	};
	objectVersion = 46;
	objects = {

/* Begin PBXBuildFile section */
		648168551B30CFF700778E00 /* AppDelegate.swift in Sources */ = {isa = PBXBuildFile; fileRef = 648168541B30CFF700778E00 /* AppDelegate.swift */; };
		648168571B30CFF700778E00 /* ViewController.swift in Sources */ = {isa = PBXBuildFile; fileRef = 648168561B30CFF700778E00 /* ViewController.swift */; };
		6481685A1B30CFF700778E00 /* Main.storyboard in Resources */ = {isa = PBXBuildFile; fileRef = 648168581B30CFF700778E00 /* Main.storyboard */; };
		6481685C1B30CFF700778E00 /* Images.xcassets in Resources */ = {isa = PBXBuildFile; fileRef = 6481685B1B30CFF700778E00 /* Images.xcassets */; };
		6481685F1B30CFF700778E00 /* LaunchScreen.xib in Resources */ = {isa = PBXBuildFile; fileRef = 6481685D1B30CFF700778E00 /* LaunchScreen.xib */; };
		6481686B1B30CFF700778E00 /* ControlFlow___XcodeTests.swift in Sources */ = {isa = PBXBuildFile; fileRef = 6481686A1B30CFF700778E00 /* ControlFlow___XcodeTests.swift */; };
/* End PBXBuildFile section */

/* Begin PBXContainerItemProxy section */
		648168651B30CFF700778E00 /* PBXContainerItemProxy */ = {
			isa = PBXContainerItemProxy;
			containerPortal = 648168471B30CFF700778E00 /* Project object */;
			proxyType = 1;
			remoteGlobalIDString = 6481684E1B30CFF700778E00;
			remoteInfo = "ControlFlow - Xcode";
		};
/* End PBXContainerItemProxy section */

/* Begin PBXFileReference section */
		6481684F1B30CFF700778E00 /* ControlFlow - Xcode.app */ = {isa = PBXFileReference; explicitFileType = wrapper.application; includeInIndex = 0; path = "ControlFlow - Xcode.app"; sourceTree = BUILT_PRODUCTS_DIR; };
		648168531B30CFF700778E00 /* Info.plist */ = {isa = PBXFileReference; lastKnownFileType = text.plist.xml; path = Info.plist; sourceTree = "<group>"; };
		648168541B30CFF700778E00 /* AppDelegate.swift */ = {isa = PBXFileReference; lastKnownFileType = sourcecode.swift; path = AppDelegate.swift; sourceTree = "<group>"; };
		648168561B30CFF700778E00 /* ViewController.swift */ = {isa = PBXFileReference; lastKnownFileType = sourcecode.swift; path = ViewController.swift; sourceTree = "<group>"; };
		648168591B30CFF700778E00 /* Base */ = {isa = PBXFileReference; lastKnownFileType = file.storyboard; name = Base; path = Base.lproj/Main.storyboard; sourceTree = "<group>"; };
		6481685B1B30CFF700778E00 /* Images.xcassets */ = {isa = PBXFileReference; lastKnownFileType = folder.assetcatalog; path = Images.xcassets; sourceTree = "<group>"; };
		6481685E1B30CFF700778E00 /* Base */ = {isa = PBXFileReference; lastKnownFileType = file.xib; name = Base; path = Base.lproj/LaunchScreen.xib; sourceTree = "<group>"; };
		648168641B30CFF700778E00 /* ControlFlow - XcodeTests.xctest */ = {isa = PBXFileReference; explicitFileType = wrapper.cfbundle; includeInIndex = 0; path = "ControlFlow - XcodeTests.xctest"; sourceTree = BUILT_PRODUCTS_DIR; };
		648168691B30CFF700778E00 /* Info.plist */ = {isa = PBXFileReference; lastKnownFileType = text.plist.xml; path = Info.plist; sourceTree = "<group>"; };
		6481686A1B30CFF700778E00 /* ControlFlow___XcodeTests.swift */ = {isa = PBXFileReference; lastKnownFileType = sourcecode.swift; path = "ControlFlow___XcodeTests.swift"; sourceTree = "<group>"; };
/* End PBXFileReference section */

/* Begin PBXFrameworksBuildPhase section */
		6481684C1B30CFF700778E00 /* Frameworks */ = {
			isa = PBXFrameworksBuildPhase;
			buildActionMask = 2147483647;
			files = (
			);
			runOnlyForDeploymentPostprocessing = 0;
		};
		648168611B30CFF700778E00 /* Frameworks */ = {
			isa = PBXFrameworksBuildPhase;
			buildActionMask = 2147483647;
			files = (
			);
			runOnlyForDeploymentPostprocessing = 0;
		};
/* End PBXFrameworksBuildPhase section */

/* Begin PBXGroup section */
		648168461B30CFF700778E00 = {
			isa = PBXGroup;
			children = (
				648168511B30CFF700778E00 /* ControlFlow - Xcode */,
				648168671B30CFF700778E00 /* ControlFlow - XcodeTests */,
				648168501B30CFF700778E00 /* Products */,
			);
			sourceTree = "<group>";
		};
		648168501B30CFF700778E00 /* Products */ = {
			isa = PBXGroup;
			children = (
				6481684F1B30CFF700778E00 /* ControlFlow - Xcode.app */,
				648168641B30CFF700778E00 /* ControlFlow - XcodeTests.xctest */,
			);
			name = Products;
			sourceTree = "<group>";
		};
		648168511B30CFF700778E00 /* ControlFlow - Xcode */ = {
			isa = PBXGroup;
			children = (
				648168541B30CFF700778E00 /* AppDelegate.swift */,
				648168561B30CFF700778E00 /* ViewController.swift */,
				648168581B30CFF700778E00 /* Main.storyboard */,
				6481685B1B30CFF700778E00 /* Images.xcassets */,
				6481685D1B30CFF700778E00 /* LaunchScreen.xib */,
				648168521B30CFF700778E00 /* Supporting Files */,
			);
			path = "ControlFlow - Xcode";
			sourceTree = "<group>";
		};
		648168521B30CFF700778E00 /* Supporting Files */ = {
			isa = PBXGroup;
			children = (
				648168531B30CFF700778E00 /* Info.plist */,
			);
			name = "Supporting Files";
			sourceTree = "<group>";
		};
		648168671B30CFF700778E00 /* ControlFlow - XcodeTests */ = {
			isa = PBXGroup;
			children = (
				6481686A1B30CFF700778E00 /* ControlFlow___XcodeTests.swift */,
				648168681B30CFF700778E00 /* Supporting Files */,
			);
			path = "ControlFlow - XcodeTests";
			sourceTree = "<group>";
		};
		648168681B30CFF700778E00 /* Supporting Files */ = {
			isa = PBXGroup;
			children = (
				648168691B30CFF700778E00 /* Info.plist */,
			);
			name = "Supporting Files";
			sourceTree = "<group>";
		};
/* End PBXGroup section */

/* Begin PBXNativeTarget section */
		6481684E1B30CFF700778E00 /* ControlFlow - Xcode */ = {
			isa = PBXNativeTarget;
			buildConfigurationList = 6481686E1B30CFF700778E00 /* Build configuration list for PBXNativeTarget "ControlFlow - Xcode" */;
			buildPhases = (
				6481684B1B30CFF700778E00 /* Sources */,
				6481684C1B30CFF700778E00 /* Frameworks */,
				6481684D1B30CFF700778E00 /* Resources */,
			);
			buildRules = (
			);
			dependencies = (
			);
			name = "ControlFlow - Xcode";
			productName = "ControlFlow - Xcode";
			productReference = 6481684F1B30CFF700778E00 /* ControlFlow - Xcode.app */;
			productType = "com.apple.product-type.application";
		};
		648168631B30CFF700778E00 /* ControlFlow - XcodeTests */ = {
			isa = PBXNativeTarget;
			buildConfigurationList = 648168711B30CFF700778E00 /* Build configuration list for PBXNativeTarget "ControlFlow - XcodeTests" */;
			buildPhases = (
				648168601B30CFF700778E00 /* Sources */,
				648168611B30CFF700778E00 /* Frameworks */,
				648168621B30CFF700778E00 /* Resources */,
			);
			buildRules = (
			);
			dependencies = (
				648168661B30CFF700778E00 /* PBXTargetDependency */,
			);
			name = "ControlFlow - XcodeTests";
			productName = "ControlFlow - XcodeTests";
			productReference = 648168641B30CFF700778E00 /* ControlFlow - XcodeTests.xctest */;
			productType = "com.apple.product-type.bundle.unit-test";
		};
/* End PBXNativeTarget section */

/* Begin PBXProject section */
		648168471B30CFF700778E00 /* Project object */ = {
			isa = PBXProject;
			attributes = {
				LastUpgradeCheck = 0630;
				ORGANIZATIONNAME = "aderts Studio";
				TargetAttributes = {
					6481684E1B30CFF700778E00 = {
						CreatedOnToolsVersion = 6.3.2;
					};
					648168631B30CFF700778E00 = {
						CreatedOnToolsVersion = 6.3.2;
						TestTargetID = 6481684E1B30CFF700778E00;
					};
				};
			};
			buildConfigurationList = 6481684A1B30CFF700778E00 /* Build configuration list for PBXProject "ControlFlow - Xcode" */;
			compatibilityVersion = "Xcode 3.2";
			developmentRegion = English;
			hasScannedForEncodings = 0;
			knownRegions = (
				en,
				Base,
			);
			mainGroup = 648168461B30CFF700778E00;
			productRefGroup = 648168501B30CFF700778E00 /* Products */;
			projectDirPath = "";
			projectRoot = "";
			targets = (
				6481684E1B30CFF700778E00 /* ControlFlow - Xcode */,
				648168631B30CFF700778E00 /* ControlFlow - XcodeTests */,
			);
		};
/* End PBXProject section */

/* Begin PBXResourcesBuildPhase section */
		6481684D1B30CFF700778E00 /* Resources */ = {
			isa = PBXResourcesBuildPhase;
			buildActionMask = 2147483647;
			files = (
				6481685A1B30CFF700778E00 /* Main.storyboard in Resources */,
				6481685F1B30CFF700778E00 /* LaunchScreen.xib in Resources */,
				6481685C1B30CFF700778E00 /* Images.xcassets in Resources */,
			);
			runOnlyForDeploymentPostprocessing = 0;
		};
		648168621B30CFF700778E00 /* Resources */ = {
			isa = PBXResourcesBuildPhase;
			buildActionMask = 2147483647;
			files = (
			);
			runOnlyForDeploymentPostprocessing = 0;
		};
/* End PBXResourcesBuildPhase section */

/* Begin PBXSourcesBuildPhase section */
		6481684B1B30CFF700778E00 /* Sources */ = {
			isa = PBXSourcesBuildPhase;
			buildActionMask = 2147483647;
			files = (
				648168571B30CFF700778E00 /* ViewController.swift in Sources */,
				648168551B30CFF700778E00 /* AppDelegate.swift in Sources */,
			);
			runOnlyForDeploymentPostprocessing = 0;
		};
		648168601B30CFF700778E00 /* Sources */ = {
			isa = PBXSourcesBuildPhase;
			buildActionMask = 2147483647;
			files = (
				6481686B1B30CFF700778E00 /* ControlFlow___XcodeTests.swift in Sources */,
			);
			runOnlyForDeploymentPostprocessing = 0;
		};
/* End PBXSourcesBuildPhase section */

/* Begin PBXTargetDependency section */
		648168661B30CFF700778E00 /* PBXTargetDependency */ = {
			isa = PBXTargetDependency;
			target = 6481684E1B30CFF700778E00 /* ControlFlow - Xcode */;
			targetProxy = 648168651B30CFF700778E00 /* PBXContainerItemProxy */;
		};
/* End PBXTargetDependency section */

/* Begin PBXVariantGroup section */
		648168581B30CFF700778E00 /* Main.storyboard */ = {
			isa = PBXVariantGroup;
			children = (
				648168591B30CFF700778E00 /* Base */,
			);
			name = Main.storyboard;
			sourceTree = "<group>";
		};
		6481685D1B30CFF700778E00 /* LaunchScreen.xib */ = {
			isa = PBXVariantGroup;
			children = (
				6481685E1B30CFF700778E00 /* Base */,
			);
			name = LaunchScreen.xib;
			sourceTree = "<group>";
		};
/* End PBXVariantGroup section */

/* Begin XCBuildConfiguration section */
		6481686C1B30CFF700778E00 /* Debug */ = {
			isa = XCBuildConfiguration;
			buildSettings = {
				ALWAYS_SEARCH_USER_PATHS = NO;
				CLANG_CXX_LANGUAGE_STANDARD = "gnu++0x";
				CLANG_CXX_LIBRARY = "libc++";
				CLANG_ENABLE_MODULES = YES;
				CLANG_ENABLE_OBJC_ARC = YES;
				CLANG_WARN_BOOL_CONVERSION = YES;
				CLANG_WARN_CONSTANT_CONVERSION = YES;
				CLANG_WARN_DIRECT_OBJC_ISA_USAGE = YES_ERROR;
				CLANG_WARN_EMPTY_BODY = YES;
				CLANG_WARN_ENUM_CONVERSION = YES;
				CLANG_WARN_INT_CONVERSION = YES;
				CLANG_WARN_OBJC_ROOT_CLASS = YES_ERROR;
				CLANG_WARN_UNREACHABLE_CODE = YES;
				CLANG_WARN__DUPLICATE_METHOD_MATCH = YES;
				"CODE_SIGN_IDENTITY[sdk=iphoneos*]" = "iPhone Developer";
				COPY_PHASE_STRIP = NO;
				DEBUG_INFORMATION_FORMAT = "dwarf-with-dsym";
				ENABLE_STRICT_OBJC_MSGSEND = YES;
				GCC_C_LANGUAGE_STANDARD = gnu99;
				GCC_DYNAMIC_NO_PIC = NO;
				GCC_NO_COMMON_BLOCKS = YES;
				GCC_OPTIMIZATION_LEVEL = 0;
				GCC_PREPROCESSOR_DEFINITIONS = (
					"DEBUG=1",
					"$(inherited)",
				);
				GCC_SYMBOLS_PRIVATE_EXTERN = NO;
				GCC_WARN_64_TO_32_BIT_CONVERSION = YES;
				GCC_WARN_ABOUT_RETURN_TYPE = YES_ERROR;
				GCC_WARN_UNDECLARED_SELECTOR = YES;
				GCC_WARN_UNINITIALIZED_AUTOS = YES_AGGRESSIVE;
				GCC_WARN_UNUSED_FUNCTION = YES;
				GCC_WARN_UNUSED_VARIABLE = YES;
				IPHONEOS_DEPLOYMENT_TARGET = 8.3;
				MTL_ENABLE_DEBUG_INFO = YES;
				ONLY_ACTIVE_ARCH = YES;
				SDKROOT = iphoneos;
				SWIFT_OPTIMIZATION_LEVEL = "-Onone";
				TARGETED_DEVICE_FAMILY = "1,2";
			};
			name = Debug;
		};
		6481686D1B30CFF700778E00 /* Release */ = {
			isa = XCBuildConfiguration;
			buildSettings = {
				ALWAYS_SEARCH_USER_PATHS = NO;
				CLANG_CXX_LANGUAGE_STANDARD = "gnu++0x";
				CLANG_CXX_LIBRARY = "libc++";
				CLANG_ENABLE_MODULES = YES;
				CLANG_ENABLE_OBJC_ARC = YES;
				CLANG_WARN_BOOL_CONVERSION = YES;
				CLANG_WARN_CONSTANT_CONVERSION = YES;
				CLANG_WARN_DIRECT_OBJC_ISA_USAGE = YES_ERROR;
				CLANG_WARN_EMPTY_BODY = YES;
				CLANG_WARN_ENUM_CONVERSION = YES;
				CLANG_WARN_INT_CONVERSION = YES;
				CLANG_WARN_OBJC_ROOT_CLASS = YES_ERROR;
				CLANG_WARN_UNREACHABLE_CODE = YES;
				CLANG_WARN__DUPLICATE_METHOD_MATCH = YES;
				"CODE_SIGN_IDENTITY[sdk=iphoneos*]" = "iPhone Developer";
				COPY_PHASE_STRIP = NO;
				DEBUG_INFORMATION_FORMAT = "dwarf-with-dsym";
				ENABLE_NS_ASSERTIONS = NO;
				ENABLE_STRICT_OBJC_MSGSEND = YES;
				GCC_C_LANGUAGE_STANDARD = gnu99;
				GCC_NO_COMMON_BLOCKS = YES;
				GCC_WARN_64_TO_32_BIT_CONVERSION = YES;
				GCC_WARN_ABOUT_RETURN_TYPE = YES_ERROR;
				GCC_WARN_UNDECLARED_SELECTOR = YES;
				GCC_WARN_UNINITIALIZED_AUTOS = YES_AGGRESSIVE;
				GCC_WARN_UNUSED_FUNCTION = YES;
				GCC_WARN_UNUSED_VARIABLE = YES;
				IPHONEOS_DEPLOYMENT_TARGET = 8.3;
				MTL_ENABLE_DEBUG_INFO = NO;
				SDKROOT = iphoneos;
				TARGETED_DEVICE_FAMILY = "1,2";
				VALIDATE_PRODUCT = YES;
			};
			name = Release;
		};
		6481686F1B30CFF700778E00 /* Debug */ = {
			isa = XCBuildConfiguration;
			buildSettings = {
				ASSETCATALOG_COMPILER_APPICON_NAME = AppIcon;
				INFOPLIST_FILE = "ControlFlow - Xcode/Info.plist";
				LD_RUNPATH_SEARCH_PATHS = "$(inherited) @executable_path/Frameworks";
				PRODUCT_NAME = "$(TARGET_NAME)";
			};
			name = Debug;
		};
		648168701B30CFF700778E00 /* Release */ = {
			isa = XCBuildConfiguration;
			buildSettings = {
				ASSETCATALOG_COMPILER_APPICON_NAME = AppIcon;
				INFOPLIST_FILE = "ControlFlow - Xcode/Info.plist";
				LD_RUNPATH_SEARCH_PATHS = "$(inherited) @executable_path/Frameworks";
				PRODUCT_NAME = "$(TARGET_NAME)";
			};
			name = Release;
		};
		648168721B30CFF700778E00 /* Debug */ = {
			isa = XCBuildConfiguration;
			buildSettings = {
				BUNDLE_LOADER = "$(TEST_HOST)";
				FRAMEWORK_SEARCH_PATHS = (
					"$(SDKROOT)/Developer/Library/Frameworks",
					"$(inherited)",
				);
				GCC_PREPROCESSOR_DEFINITIONS = (
					"DEBUG=1",
					"$(inherited)",
				);
				INFOPLIST_FILE = "ControlFlow - XcodeTests/Info.plist";
				LD_RUNPATH_SEARCH_PATHS = "$(inherited) @executable_path/Frameworks @loader_path/Frameworks";
				PRODUCT_NAME = "$(TARGET_NAME)";
				TEST_HOST = "$(BUILT_PRODUCTS_DIR)/ControlFlow - Xcode.app/ControlFlow - Xcode";
			};
			name = Debug;
		};
		648168731B30CFF700778E00 /* Release */ = {
			isa = XCBuildConfiguration;
			buildSettings = {
				BUNDLE_LOADER = "$(TEST_HOST)";
				FRAMEWORK_SEARCH_PATHS = (
					"$(SDKROOT)/Developer/Library/Frameworks",
					"$(inherited)",
				);
				INFOPLIST_FILE = "ControlFlow - XcodeTests/Info.plist";
				LD_RUNPATH_SEARCH_PATHS = "$(inherited) @executable_path/Frameworks @loader_path/Frameworks";
				PRODUCT_NAME = "$(TARGET_NAME)";
				TEST_HOST = "$(BUILT_PRODUCTS_DIR)/ControlFlow - Xcode.app/ControlFlow - Xcode";
			};
			name = Release;
		};
/* End XCBuildConfiguration section */

/* Begin XCConfigurationList section */
		6481684A1B30CFF700778E00 /* Build configuration list for PBXProject "ControlFlow - Xcode" */ = {
			isa = XCConfigurationList;
			buildConfigurations = (
				6481686C1B30CFF700778E00 /* Debug */,
				6481686D1B30CFF700778E00 /* Release */,
			);
			defaultConfigurationIsVisible = 0;
			defaultConfigurationName = Release;
		};
		6481686E1B30CFF700778E00 /* Build configuration list for PBXNativeTarget "ControlFlow - Xcode" */ = {
			isa = XCConfigurationList;
			buildConfigurations = (
				6481686F1B30CFF700778E00 /* Debug */,
				648168701B30CFF700778E00 /* Release */,
			);
			defaultConfigurationIsVisible = 0;
		};
		648168711B30CFF700778E00 /* Build configuration list for PBXNativeTarget "ControlFlow - XcodeTests" */ = {
			isa = XCConfigurationList;
			buildConfigurations = (
				648168721B30CFF700778E00 /* Debug */,
				648168731B30CFF700778E00 /* Release */,
			);
			defaultConfigurationIsVisible = 0;
		};
/* End XCConfigurationList section */
	};
	rootObject = 648168471B30CFF700778E00 /* Project object */;
}
